{

  "name": "node-logger",

  "version": "1.0.0",

  "lockfileVersion": 3,

  "requires": true,

  "packages": {

    "": {

      "name": "node-logger",

      "version": "1.0.0",

      "license": "ISC",

      "dependencies": {

        "console-error": "^0.0.4",

        "console-info": "^0.0.5",

        "console-warn": "^0.0.4"

      }

    },

    "node_modules/console-error": {

      "version": "0.0.4",

      "resolved": "https://registry.npmjs.org/console-error/-/console-error-0.0.4.tgz",

      "integrity": "sha512-tyQF/oporapv/KZpMBxmd8URCZT40eRVoKhYdtKj3Kozca0TDcwkZLGK8dLFcJbAOveKwGUxPSKRxvLgWJKTSA=="

    },

    "node_modules/console-info": {

      "version": "0.0.5",

      "resolved": "https://registry.npmjs.org/console-info/-/console-info-0.0.5.tgz",

      "integrity": "sha512-MeKxYcvji3CIC1eE59EgG+lCkmS+TNHwkxVjAm7jExFAiwlexO1pXS+IzB8xAHB54wDDslLjak/eAtzKPOreMQ=="

    },

    "node_modules/console-warn": {

      "version": "0.0.4",

      "resolved": "https://registry.npmjs.org/console-warn/-/console-warn-0.0.4.tgz",

      "integrity": "sha512-A7fiygX+mGt0OjwTbP0hBiJ709Jo24eHlp7+/DkMwE1AXcwbu3IAOlDEM+Waa8wZe4Yr1OZNlpdPfhoW5iylDw=="

    }

  }

}

